
Microsoft Visual Studio Solution File, Format Version 12.00
# Blend for Visual Studio Version 16
VisualStudioVersion = 16.0.31129.286
MinimumVisualStudioVersion = 10.0.40219.1
Project("{FAE04EC0-301F-11D3-BF4B-00C04F79EFBC}") = "WpfApp1", "WpfApp1\WpfApp1.csproj", "{57BD510F-3668-4A93-A95F-AF5C10E6C74C}"
EndProject
Global
	GlobalSection(SolutionConfigurationPlatforms) = preSolution
		Debug|Any CPU = Debug|Any CPU
		Release|Any CPU = Release|Any CPU
	EndGlobalSection
	GlobalSection(ProjectConfigurationPlatforms) = postSolution
		{57BD510F-3668-4A93-A95F-AF5C10E6C74C}.Debug|Any CPU.ActiveCfg = Debug|Any CPU
		{57BD510F-3668-4A93-A95F-AF5C10E6C74C}.Debug|Any CPU.Build.0 = Debug|Any CPU
		{57BD510F-3668-4A93-A95F-AF5C10E6C74C}.Release|Any CPU.ActiveCfg = Release|Any CPU
		{57BD510F-3668-4A93-A95F-AF5C10E6C74C}.Release|Any CPU.Build.0 = Release|Any CPU
	EndGlobalSection
	GlobalSection(SolutionProperties) = preSolution
		HideSolutionNode = FALSE
	EndGlobalSection
	GlobalSection(ExtensibilityGlobals) = postSolution
		SolutionGuid = {A5132ECF-DD86-4ABF-8CB5-23098F2CFF8E}
	EndGlobalSection
EndGlobal
