
Microsoft Visual Studio Solution File, Format Version 12.00
# Visual Studio Version 16
VisualStudioVersion = 16.0.31129.286
MinimumVisualStudioVersion = 10.0.40219.1
Project("{FAE04EC0-301F-11D3-BF4B-00C04F79EFBC}") = "Vlakna", "Vlakna\Vlakna.csproj", "{F2805B58-2EBE-44F3-9FDA-CFECBF046D52}"
EndProject
Global
	GlobalSection(SolutionConfigurationPlatforms) = preSolution
		Debug|Any CPU = Debug|Any CPU
		Release|Any CPU = Release|Any CPU
	EndGlobalSection
	GlobalSection(ProjectConfigurationPlatforms) = postSolution
		{F2805B58-2EBE-44F3-9FDA-CFECBF046D52}.Debug|Any CPU.ActiveCfg = Debug|Any CPU
		{F2805B58-2EBE-44F3-9FDA-CFECBF046D52}.Debug|Any CPU.Build.0 = Debug|Any CPU
		{F2805B58-2EBE-44F3-9FDA-CFECBF046D52}.Release|Any CPU.ActiveCfg = Release|Any CPU
		{F2805B58-2EBE-44F3-9FDA-CFECBF046D52}.Release|Any CPU.Build.0 = Release|Any CPU
	EndGlobalSection
	GlobalSection(SolutionProperties) = preSolution
		HideSolutionNode = FALSE
	EndGlobalSection
	GlobalSection(ExtensibilityGlobals) = postSolution
		SolutionGuid = {CE3D6A4C-BC60-4EB5-B7BF-CD4F29713ED0}
	EndGlobalSection
EndGlobal
