
Microsoft Visual Studio Solution File, Format Version 12.00
# Visual Studio Version 16
VisualStudioVersion = 16.0.31129.286
MinimumVisualStudioVersion = 10.0.40219.1
Project("{FAE04EC0-301F-11D3-BF4B-00C04F79EFBC}") = "Vlakna", "Vlakna\Vlakna.csproj", "{BBCCFDA7-7B4A-4A88-91F6-A395D0D088B2}"
EndProject
Global
	GlobalSection(SolutionConfigurationPlatforms) = preSolution
		Debug|Any CPU = Debug|Any CPU
		Release|Any CPU = Release|Any CPU
	EndGlobalSection
	GlobalSection(ProjectConfigurationPlatforms) = postSolution
		{BBCCFDA7-7B4A-4A88-91F6-A395D0D088B2}.Debug|Any CPU.ActiveCfg = Debug|Any CPU
		{BBCCFDA7-7B4A-4A88-91F6-A395D0D088B2}.Debug|Any CPU.Build.0 = Debug|Any CPU
		{BBCCFDA7-7B4A-4A88-91F6-A395D0D088B2}.Release|Any CPU.ActiveCfg = Release|Any CPU
		{BBCCFDA7-7B4A-4A88-91F6-A395D0D088B2}.Release|Any CPU.Build.0 = Release|Any CPU
	EndGlobalSection
	GlobalSection(SolutionProperties) = preSolution
		HideSolutionNode = FALSE
	EndGlobalSection
	GlobalSection(ExtensibilityGlobals) = postSolution
		SolutionGuid = {C311139A-5156-49ED-9859-8A126C4BBB52}
	EndGlobalSection
EndGlobal
