
Microsoft Visual Studio Solution File, Format Version 12.00
# Visual Studio Version 16
VisualStudioVersion = 16.0.31129.286
MinimumVisualStudioVersion = 10.0.40219.1
Project("{FAE04EC0-301F-11D3-BF4B-00C04F79EFBC}") = "PrikladPocitadlo", "PrikladPocitadlo\PrikladPocitadlo.csproj", "{46CA0EC4-BEA6-4AFE-ABBC-FE12E4CA4F08}"
EndProject
Project("{FAE04EC0-301F-11D3-BF4B-00C04F79EFBC}") = "PrikladPocitadloTests2", "PrikladPocitadloTests2\PrikladPocitadloTests2.csproj", "{D001D46B-435D-4E06-B1A1-B0E63746F7D1}"
EndProject
Global
	GlobalSection(SolutionConfigurationPlatforms) = preSolution
		Debug|Any CPU = Debug|Any CPU
		Release|Any CPU = Release|Any CPU
	EndGlobalSection
	GlobalSection(ProjectConfigurationPlatforms) = postSolution
		{46CA0EC4-BEA6-4AFE-ABBC-FE12E4CA4F08}.Debug|Any CPU.ActiveCfg = Debug|Any CPU
		{46CA0EC4-BEA6-4AFE-ABBC-FE12E4CA4F08}.Debug|Any CPU.Build.0 = Debug|Any CPU
		{46CA0EC4-BEA6-4AFE-ABBC-FE12E4CA4F08}.Release|Any CPU.ActiveCfg = Release|Any CPU
		{46CA0EC4-BEA6-4AFE-ABBC-FE12E4CA4F08}.Release|Any CPU.Build.0 = Release|Any CPU
		{D001D46B-435D-4E06-B1A1-B0E63746F7D1}.Debug|Any CPU.ActiveCfg = Debug|Any CPU
		{D001D46B-435D-4E06-B1A1-B0E63746F7D1}.Debug|Any CPU.Build.0 = Debug|Any CPU
		{D001D46B-435D-4E06-B1A1-B0E63746F7D1}.Release|Any CPU.ActiveCfg = Release|Any CPU
		{D001D46B-435D-4E06-B1A1-B0E63746F7D1}.Release|Any CPU.Build.0 = Release|Any CPU
	EndGlobalSection
	GlobalSection(SolutionProperties) = preSolution
		HideSolutionNode = FALSE
	EndGlobalSection
	GlobalSection(ExtensibilityGlobals) = postSolution
		SolutionGuid = {54AA3DB1-3D8F-4B52-ABE8-FE183A7F56E8}
	EndGlobalSection
EndGlobal
