
Microsoft Visual Studio Solution File, Format Version 12.00
# Visual Studio Version 16
VisualStudioVersion = 16.0.31129.286
MinimumVisualStudioVersion = 10.0.40219.1
Project("{FAE04EC0-301F-11D3-BF4B-00C04F79EFBC}") = "Osoby", "Osoby\Osoby.csproj", "{CC9D47CB-7B4B-437D-84FC-B01AD44608CD}"
EndProject
Global
	GlobalSection(SolutionConfigurationPlatforms) = preSolution
		Debug|Any CPU = Debug|Any CPU
		Release|Any CPU = Release|Any CPU
	EndGlobalSection
	GlobalSection(ProjectConfigurationPlatforms) = postSolution
		{CC9D47CB-7B4B-437D-84FC-B01AD44608CD}.Debug|Any CPU.ActiveCfg = Debug|Any CPU
		{CC9D47CB-7B4B-437D-84FC-B01AD44608CD}.Debug|Any CPU.Build.0 = Debug|Any CPU
		{CC9D47CB-7B4B-437D-84FC-B01AD44608CD}.Release|Any CPU.ActiveCfg = Release|Any CPU
		{CC9D47CB-7B4B-437D-84FC-B01AD44608CD}.Release|Any CPU.Build.0 = Release|Any CPU
	EndGlobalSection
	GlobalSection(SolutionProperties) = preSolution
		HideSolutionNode = FALSE
	EndGlobalSection
	GlobalSection(ExtensibilityGlobals) = postSolution
		SolutionGuid = {56012E77-3DA5-4A73-8566-8693CB74683D}
	EndGlobalSection
EndGlobal
