
Microsoft Visual Studio Solution File, Format Version 12.00
# Visual Studio Version 16
VisualStudioVersion = 16.0.31129.286
MinimumVisualStudioVersion = 10.0.40219.1
Project("{9A19103F-16F7-4668-BE54-9A1E7A4F7556}") = "Prevodnik", "Prevodnik\Prevodnik.csproj", "{7036FC35-B942-41DA-B1C8-932DEAAEA215}"
EndProject
Project("{FAE04EC0-301F-11D3-BF4B-00C04F79EFBC}") = "PrevodControls", "PrevodControls\PrevodControls.csproj", "{3CD44F10-B7D5-4A20-9A56-C46DB90AC321}"
EndProject
Global
	GlobalSection(SolutionConfigurationPlatforms) = preSolution
		Debug|Any CPU = Debug|Any CPU
		Debug|ARM = Debug|ARM
		Debug|ARM64 = Debug|ARM64
		Debug|x64 = Debug|x64
		Debug|x86 = Debug|x86
		Release|Any CPU = Release|Any CPU
		Release|ARM = Release|ARM
		Release|ARM64 = Release|ARM64
		Release|x64 = Release|x64
		Release|x86 = Release|x86
	EndGlobalSection
	GlobalSection(ProjectConfigurationPlatforms) = postSolution
		{7036FC35-B942-41DA-B1C8-932DEAAEA215}.Debug|Any CPU.ActiveCfg = Debug|Any CPU
		{7036FC35-B942-41DA-B1C8-932DEAAEA215}.Debug|Any CPU.Build.0 = Debug|Any CPU
		{7036FC35-B942-41DA-B1C8-932DEAAEA215}.Debug|ARM.ActiveCfg = Debug|Any CPU
		{7036FC35-B942-41DA-B1C8-932DEAAEA215}.Debug|ARM.Build.0 = Debug|Any CPU
		{7036FC35-B942-41DA-B1C8-932DEAAEA215}.Debug|ARM64.ActiveCfg = Debug|Any CPU
		{7036FC35-B942-41DA-B1C8-932DEAAEA215}.Debug|ARM64.Build.0 = Debug|Any CPU
		{7036FC35-B942-41DA-B1C8-932DEAAEA215}.Debug|x64.ActiveCfg = Debug|Any CPU
		{7036FC35-B942-41DA-B1C8-932DEAAEA215}.Debug|x64.Build.0 = Debug|Any CPU
		{7036FC35-B942-41DA-B1C8-932DEAAEA215}.Debug|x86.ActiveCfg = Debug|Any CPU
		{7036FC35-B942-41DA-B1C8-932DEAAEA215}.Debug|x86.Build.0 = Debug|Any CPU
		{7036FC35-B942-41DA-B1C8-932DEAAEA215}.Release|Any CPU.ActiveCfg = Release|Any CPU
		{7036FC35-B942-41DA-B1C8-932DEAAEA215}.Release|Any CPU.Build.0 = Release|Any CPU
		{7036FC35-B942-41DA-B1C8-932DEAAEA215}.Release|ARM.ActiveCfg = Release|Any CPU
		{7036FC35-B942-41DA-B1C8-932DEAAEA215}.Release|ARM.Build.0 = Release|Any CPU
		{7036FC35-B942-41DA-B1C8-932DEAAEA215}.Release|ARM64.ActiveCfg = Release|Any CPU
		{7036FC35-B942-41DA-B1C8-932DEAAEA215}.Release|ARM64.Build.0 = Release|Any CPU
		{7036FC35-B942-41DA-B1C8-932DEAAEA215}.Release|x64.ActiveCfg = Release|Any CPU
		{7036FC35-B942-41DA-B1C8-932DEAAEA215}.Release|x64.Build.0 = Release|Any CPU
		{7036FC35-B942-41DA-B1C8-932DEAAEA215}.Release|x86.ActiveCfg = Release|Any CPU
		{7036FC35-B942-41DA-B1C8-932DEAAEA215}.Release|x86.Build.0 = Release|Any CPU
		{3CD44F10-B7D5-4A20-9A56-C46DB90AC321}.Debug|Any CPU.ActiveCfg = Debug|Any CPU
		{3CD44F10-B7D5-4A20-9A56-C46DB90AC321}.Debug|Any CPU.Build.0 = Debug|Any CPU
		{3CD44F10-B7D5-4A20-9A56-C46DB90AC321}.Debug|ARM.ActiveCfg = Debug|Any CPU
		{3CD44F10-B7D5-4A20-9A56-C46DB90AC321}.Debug|ARM.Build.0 = Debug|Any CPU
		{3CD44F10-B7D5-4A20-9A56-C46DB90AC321}.Debug|ARM64.ActiveCfg = Debug|Any CPU
		{3CD44F10-B7D5-4A20-9A56-C46DB90AC321}.Debug|ARM64.Build.0 = Debug|Any CPU
		{3CD44F10-B7D5-4A20-9A56-C46DB90AC321}.Debug|x64.ActiveCfg = Debug|Any CPU
		{3CD44F10-B7D5-4A20-9A56-C46DB90AC321}.Debug|x64.Build.0 = Debug|Any CPU
		{3CD44F10-B7D5-4A20-9A56-C46DB90AC321}.Debug|x86.ActiveCfg = Debug|Any CPU
		{3CD44F10-B7D5-4A20-9A56-C46DB90AC321}.Debug|x86.Build.0 = Debug|Any CPU
		{3CD44F10-B7D5-4A20-9A56-C46DB90AC321}.Release|Any CPU.ActiveCfg = Release|Any CPU
		{3CD44F10-B7D5-4A20-9A56-C46DB90AC321}.Release|Any CPU.Build.0 = Release|Any CPU
		{3CD44F10-B7D5-4A20-9A56-C46DB90AC321}.Release|ARM.ActiveCfg = Release|Any CPU
		{3CD44F10-B7D5-4A20-9A56-C46DB90AC321}.Release|ARM.Build.0 = Release|Any CPU
		{3CD44F10-B7D5-4A20-9A56-C46DB90AC321}.Release|ARM64.ActiveCfg = Release|Any CPU
		{3CD44F10-B7D5-4A20-9A56-C46DB90AC321}.Release|ARM64.Build.0 = Release|Any CPU
		{3CD44F10-B7D5-4A20-9A56-C46DB90AC321}.Release|x64.ActiveCfg = Release|Any CPU
		{3CD44F10-B7D5-4A20-9A56-C46DB90AC321}.Release|x64.Build.0 = Release|Any CPU
		{3CD44F10-B7D5-4A20-9A56-C46DB90AC321}.Release|x86.ActiveCfg = Release|Any CPU
		{3CD44F10-B7D5-4A20-9A56-C46DB90AC321}.Release|x86.Build.0 = Release|Any CPU
	EndGlobalSection
	GlobalSection(SolutionProperties) = preSolution
		HideSolutionNode = FALSE
	EndGlobalSection
	GlobalSection(ExtensibilityGlobals) = postSolution
		SolutionGuid = {961EDB09-5593-408E-A83B-7FA93F2B3549}
	EndGlobalSection
EndGlobal
